
Microsoft Visual Studio Solution File, Format Version 12.00
# Visual Studio Version 16
VisualStudioVersion = 16.0.32901.82
MinimumVisualStudioVersion = 10.0.40219.1
Project("{FAE04EC0-301F-11D3-BF4B-00C04F79EFBC}") = "FırstClassRoom", "FırstClassRoom\FırstClassRoom.csproj", "{B5C89C5A-6790-4538-BDEB-89A77CC7686A}"
EndProject
Project("{FAE04EC0-301F-11D3-BF4B-00C04F79EFBC}") = "BEM.Entity", "BEM.Entity\BEM.Entity.csproj", "{D143839E-0137-407A-A33D-919A6D5F083E}"
EndProject
Global
	GlobalSection(SolutionConfigurationPlatforms) = preSolution
		Debug|Any CPU = Debug|Any CPU
		Release|Any CPU = Release|Any CPU
	EndGlobalSection
	GlobalSection(ProjectConfigurationPlatforms) = postSolution
		{B5C89C5A-6790-4538-BDEB-89A77CC7686A}.Debug|Any CPU.ActiveCfg = Debug|Any CPU
		{B5C89C5A-6790-4538-BDEB-89A77CC7686A}.Debug|Any CPU.Build.0 = Debug|Any CPU
		{B5C89C5A-6790-4538-BDEB-89A77CC7686A}.Release|Any CPU.ActiveCfg = Release|Any CPU
		{B5C89C5A-6790-4538-BDEB-89A77CC7686A}.Release|Any CPU.Build.0 = Release|Any CPU
		{D143839E-0137-407A-A33D-919A6D5F083E}.Debug|Any CPU.ActiveCfg = Debug|Any CPU
		{D143839E-0137-407A-A33D-919A6D5F083E}.Debug|Any CPU.Build.0 = Debug|Any CPU
		{D143839E-0137-407A-A33D-919A6D5F083E}.Release|Any CPU.ActiveCfg = Release|Any CPU
		{D143839E-0137-407A-A33D-919A6D5F083E}.Release|Any CPU.Build.0 = Release|Any CPU
	EndGlobalSection
	GlobalSection(SolutionProperties) = preSolution
		HideSolutionNode = FALSE
	EndGlobalSection
	GlobalSection(ExtensibilityGlobals) = postSolution
		SolutionGuid = {80F107AE-24D8-4BBF-A114-EB90A8303F81}
	EndGlobalSection
EndGlobal
