
Microsoft Visual Studio Solution File, Format Version 12.00
# Visual Studio Version 17
VisualStudioVersion = 17.3.32929.385
MinimumVisualStudioVersion = 10.0.40219.1
Project("{FAE04EC0-301F-11D3-BF4B-00C04F79EFBC}") = "MVCDERSUI", "MVCDERSUI\MVCDERSUI.csproj", "{A6D9FB07-D73E-41DD-AE35-7AA935A3ED42}"
EndProject
Global
	GlobalSection(SolutionConfigurationPlatforms) = preSolution
		Debug|Any CPU = Debug|Any CPU
		Release|Any CPU = Release|Any CPU
	EndGlobalSection
	GlobalSection(ProjectConfigurationPlatforms) = postSolution
		{A6D9FB07-D73E-41DD-AE35-7AA935A3ED42}.Debug|Any CPU.ActiveCfg = Debug|Any CPU
		{A6D9FB07-D73E-41DD-AE35-7AA935A3ED42}.Debug|Any CPU.Build.0 = Debug|Any CPU
		{A6D9FB07-D73E-41DD-AE35-7AA935A3ED42}.Release|Any CPU.ActiveCfg = Release|Any CPU
		{A6D9FB07-D73E-41DD-AE35-7AA935A3ED42}.Release|Any CPU.Build.0 = Release|Any CPU
	EndGlobalSection
	GlobalSection(SolutionProperties) = preSolution
		HideSolutionNode = FALSE
	EndGlobalSection
	GlobalSection(ExtensibilityGlobals) = postSolution
		SolutionGuid = {8595BC50-8377-4E4F-B1DD-20021182F15E}
	EndGlobalSection
EndGlobal
