
Microsoft Visual Studio Solution File, Format Version 12.00
# Visual Studio Version 17
VisualStudioVersion = 17.4.33110.190
MinimumVisualStudioVersion = 10.0.40219.1
Project("{9A19103F-16F7-4668-BE54-9A1E7A4F7556}") = "Api.EntityLayer", "Api.EntityLayer\Api.EntityLayer.csproj", "{3FABB41C-45F6-4CEC-93AD-61F69CCEF16B}"
EndProject
Project("{FAE04EC0-301F-11D3-BF4B-00C04F79EFBC}") = "Api.DataAccessLayer", "Api.DataAccessLayer\Api.DataAccessLayer.csproj", "{D9CAA864-FF51-47A4-9E75-0DB93F7931A7}"
EndProject
Project("{FAE04EC0-301F-11D3-BF4B-00C04F79EFBC}") = "Api.BusinessLayer", "Api.BusinessLayer\Api.BusinessLayer.csproj", "{8F1F24BD-506D-4B61-A427-A602DDC6AEB9}"
EndProject
Project("{FAE04EC0-301F-11D3-BF4B-00C04F79EFBC}") = "Api.ServiceUX", "aPİ.sERVİEux\Api.ServiceUX.csproj", "{8D3F8042-EE96-441D-9776-24E365594204}"
EndProject
Global
	GlobalSection(SolutionConfigurationPlatforms) = preSolution
		Debug|Any CPU = Debug|Any CPU
		Release|Any CPU = Release|Any CPU
	EndGlobalSection
	GlobalSection(ProjectConfigurationPlatforms) = postSolution
		{3FABB41C-45F6-4CEC-93AD-61F69CCEF16B}.Debug|Any CPU.ActiveCfg = Debug|Any CPU
		{3FABB41C-45F6-4CEC-93AD-61F69CCEF16B}.Debug|Any CPU.Build.0 = Debug|Any CPU
		{3FABB41C-45F6-4CEC-93AD-61F69CCEF16B}.Release|Any CPU.ActiveCfg = Release|Any CPU
		{3FABB41C-45F6-4CEC-93AD-61F69CCEF16B}.Release|Any CPU.Build.0 = Release|Any CPU
		{D9CAA864-FF51-47A4-9E75-0DB93F7931A7}.Debug|Any CPU.ActiveCfg = Debug|Any CPU
		{D9CAA864-FF51-47A4-9E75-0DB93F7931A7}.Debug|Any CPU.Build.0 = Debug|Any CPU
		{D9CAA864-FF51-47A4-9E75-0DB93F7931A7}.Release|Any CPU.ActiveCfg = Release|Any CPU
		{D9CAA864-FF51-47A4-9E75-0DB93F7931A7}.Release|Any CPU.Build.0 = Release|Any CPU
		{8F1F24BD-506D-4B61-A427-A602DDC6AEB9}.Debug|Any CPU.ActiveCfg = Debug|Any CPU
		{8F1F24BD-506D-4B61-A427-A602DDC6AEB9}.Debug|Any CPU.Build.0 = Debug|Any CPU
		{8F1F24BD-506D-4B61-A427-A602DDC6AEB9}.Release|Any CPU.ActiveCfg = Release|Any CPU
		{8F1F24BD-506D-4B61-A427-A602DDC6AEB9}.Release|Any CPU.Build.0 = Release|Any CPU
		{8D3F8042-EE96-441D-9776-24E365594204}.Debug|Any CPU.ActiveCfg = Debug|Any CPU
		{8D3F8042-EE96-441D-9776-24E365594204}.Debug|Any CPU.Build.0 = Debug|Any CPU
		{8D3F8042-EE96-441D-9776-24E365594204}.Release|Any CPU.ActiveCfg = Release|Any CPU
		{8D3F8042-EE96-441D-9776-24E365594204}.Release|Any CPU.Build.0 = Release|Any CPU
	EndGlobalSection
	GlobalSection(SolutionProperties) = preSolution
		HideSolutionNode = FALSE
	EndGlobalSection
	GlobalSection(ExtensibilityGlobals) = postSolution
		SolutionGuid = {5383BCAF-EC28-418F-9EEC-07487632ED51}
	EndGlobalSection
EndGlobal
